{
  "name": "rxjs-labs",
  "version": "1.0.0",
  "lockfileVersion": 3,
  "requires": true,
  "packages": {
    "": {
      "name": "rxjs-labs",
      "version": "1.0.0",
      "license": "ISC",
      "workspaces": [
        "packages/*",
        "apps/*",
        "docs/*"
      ]
    },
    "apps/labs-web": {
      "name": "@rxjs-labs/labs-web",
      "version": "1.0.0",
      "license": "ISC",
      "devDependencies": {
        "rxjs": "^7.8.2"
      }
    },
    "apps/rxjs-dag-builder": {
      "name": "@rxjs-labs/rxjs-dag-builder",
      "version": "1.0.0",
      "license": "ISC",
      "devDependencies": {
        "rxjs": "^7.8.2"
      }
    },
    "apps/rxjs-operator-log-point": {
      "name": "@rxjs-labs/rxjs-operator-log-point",
      "version": "1.0.0",
      "license": "ISC",
      "devDependencies": {
        "rxjs": "^7.8.2"
      }
    },
    "apps/rxjs-use-case-explorer": {
      "name": "@rxjs-labs/rxjs-use-case-explorer",
      "version": "1.0.0",
      "license": "ISC",
      "devDependencies": {
        "rxjs": "^7.8.2"
      }
    },
    "apps/rxjs-web": {
      "name": "@rxjs-labs/rxjs-web",
      "version": "1.0.0",
      "license": "ISC",
      "devDependencies": {
        "rxjs": "^7.8.2"
      }
    },
    "apps/rxjs-workflow-time-visual-text": {
      "name": "@rxjs-labs/rxjs-workflow-time-visual-text",
      "version": "1.0.0",
      "license": "ISC",
      "devDependencies": {
        "rxjs": "^7.8.2"
      }
    },
    "node_modules/@rxjs-labs/labs-web": {
      "resolved": "apps/labs-web",
      "link": true
    },
    "node_modules/@rxjs-labs/rx2mermaid": {
      "resolved": "packages/rx2mermaid",
      "link": true
    },
    "node_modules/@rxjs-labs/rxjs-carousel": {
      "resolved": "packages/rxjs-carousel",
      "link": true
    },
    "node_modules/@rxjs-labs/rxjs-custom-operators": {
      "resolved": "packages/rxjs-custom-operators",
      "link": true
    },
    "node_modules/@rxjs-labs/rxjs-dag-builder": {
      "resolved": "apps/rxjs-dag-builder",
      "link": true
    },
    "node_modules/@rxjs-labs/rxjs-devtools": {
      "resolved": "packages/rxjs-devtools",
      "link": true
    },
    "node_modules/@rxjs-labs/rxjs-dom": {
      "resolved": "packages/rxjs-dom",
      "link": true
    },
    "node_modules/@rxjs-labs/rxjs-dsl": {
      "resolved": "packages/rxjs-dsl",
      "link": true
    },
    "node_modules/@rxjs-labs/rxjs-fsm": {
      "resolved": "packages/rxjs-fsm",
      "link": true
    },
    "node_modules/@rxjs-labs/rxjs-http": {
      "resolved": "packages/rxjs-http",
      "link": true
    },
    "node_modules/@rxjs-labs/rxjs-operator-log-point": {
      "resolved": "apps/rxjs-operator-log-point",
      "link": true
    },
    "node_modules/@rxjs-labs/rxjs-operator-patterns": {
      "resolved": "packages/rxjs-operator-patterns",
      "link": true
    },
    "node_modules/@rxjs-labs/rxjs-states": {
      "resolved": "packages/rxjs-states",
      "link": true
    },
    "node_modules/@rxjs-labs/rxjs-store": {
      "resolved": "packages/rxjs-store",
      "link": true
    },
    "node_modules/@rxjs-labs/rxjs-tagged": {
      "resolved": "packages/rxjs-tagged",
      "link": true
    },
    "node_modules/@rxjs-labs/rxjs-use-case-explorer": {
      "resolved": "apps/rxjs-use-case-explorer",
      "link": true
    },
    "node_modules/@rxjs-labs/rxjs-utilities": {
      "resolved": "packages/rxjs-utilities",
      "link": true
    },
    "node_modules/@rxjs-labs/rxjs-web": {
      "resolved": "apps/rxjs-web",
      "link": true
    },
    "node_modules/@rxjs-labs/rxjs-workflow-time-visual-text": {
      "resolved": "apps/rxjs-workflow-time-visual-text",
      "link": true
    },
    "node_modules/rxjs": {
      "version": "7.8.2",
      "resolved": "https://registry.npmjs.org/rxjs/-/rxjs-7.8.2.tgz",
      "integrity": "sha512-dhKf903U/PQZY6boNNtAGdWbG85WAbjT/1xYoZIC7FAY0yWapOBQVsVrDl58W86//e1VpMNBtRV4MaXfdMySFA==",
      "dev": true,
      "license": "Apache-2.0",
      "dependencies": {
        "tslib": "^2.1.0"
      }
    },
    "node_modules/tslib": {
      "version": "2.8.1",
      "resolved": "https://registry.npmjs.org/tslib/-/tslib-2.8.1.tgz",
      "integrity": "sha512-oJFu94HQb+KVduSUQL7wnpmqnfmLsOA/nAh6b6EH0wCEoK0/mPeXU6c3wKDV83MkOuHPRHtSXKKU99IBazS/2w==",
      "dev": true,
      "license": "0BSD"
    },
    "packages/rx2mermaid": {
      "name": "@rxjs-labs/rx2mermaid",
      "version": "1.0.0",
      "license": "ISC",
      "devDependencies": {
        "rxjs": "^7.8.2"
      }
    },
    "packages/rxjs-carousel": {
      "name": "@rxjs-labs/rxjs-carousel",
      "version": "1.0.0",
      "license": "ISC",
      "devDependencies": {
        "rxjs": "^7.8.2"
      }
    },
    "packages/rxjs-custom-operators": {
      "name": "@rxjs-labs/rxjs-custom-operators",
      "version": "1.0.0",
      "license": "ISC",
      "devDependencies": {
        "rxjs": "^7.8.2"
      }
    },
    "packages/rxjs-devtools": {
      "name": "@rxjs-labs/rxjs-devtools",
      "version": "1.0.0",
      "license": "ISC",
      "devDependencies": {
        "rxjs": "^7.8.2"
      }
    },
    "packages/rxjs-dom": {
      "name": "@rxjs-labs/rxjs-dom",
      "version": "1.0.0",
      "license": "ISC",
      "devDependencies": {
        "rxjs": "^7.8.2"
      }
    },
    "packages/rxjs-dsl": {
      "name": "@rxjs-labs/rxjs-dsl",
      "version": "1.0.0",
      "license": "ISC",
      "devDependencies": {
        "rxjs": "^7.8.2"
      }
    },
    "packages/rxjs-fsm": {
      "name": "@rxjs-labs/rxjs-fsm",
      "version": "1.0.0",
      "license": "ISC",
      "devDependencies": {
        "rxjs": "^7.8.2"
      }
    },
    "packages/rxjs-http": {
      "name": "@rxjs-labs/rxjs-http",
      "version": "1.0.0",
      "license": "ISC",
      "devDependencies": {
        "rxjs": "^7.8.2"
      }
    },
    "packages/rxjs-operator-patterns": {
      "name": "@rxjs-labs/rxjs-operator-patterns",
      "version": "1.0.0",
      "license": "ISC",
      "devDependencies": {
        "rxjs": "^7.8.2"
      }
    },
    "packages/rxjs-states": {
      "name": "@rxjs-labs/rxjs-states",
      "version": "1.0.0",
      "license": "ISC",
      "devDependencies": {
        "rxjs": "^7.8.2"
      }
    },
    "packages/rxjs-store": {
      "name": "@rxjs-labs/rxjs-store",
      "version": "1.0.0",
      "license": "ISC",
      "devDependencies": {
        "rxjs": "^7.8.2"
      }
    },
    "packages/rxjs-tagged": {
      "name": "@rxjs-labs/rxjs-tagged",
      "version": "1.0.0",
      "license": "ISC",
      "devDependencies": {
        "rxjs": "^7.8.2"
      }
    },
    "packages/rxjs-utilities": {
      "name": "@rxjs-labs/rxjs-utilities",
      "version": "1.0.0",
      "license": "ISC",
      "devDependencies": {
        "rxjs": "^7.8.2"
      }
    }
  }
}
